
Microsoft Visual Studio Solution File, Format Version 12.00
# Visual Studio Version 17
VisualStudioVersion = 17.1.32414.318
MinimumVisualStudioVersion = 10.0.40219.1
Project("{FAE04EC0-301F-11D3-BF4B-00C04F79EFBC}") = "DoctorPatientsManagementApi", "DoctorPatientsManagementApi\DoctorPatientsManagementApi.csproj", "{E35AF103-2B09-4F61-BE82-8E17D4E3AD29}"
EndProject
Global
	GlobalSection(SolutionConfigurationPlatforms) = preSolution
		Debug|Any CPU = Debug|Any CPU
		Release|Any CPU = Release|Any CPU
	EndGlobalSection
	GlobalSection(ProjectConfigurationPlatforms) = postSolution
		{E35AF103-2B09-4F61-BE82-8E17D4E3AD29}.Debug|Any CPU.ActiveCfg = Debug|Any CPU
		{E35AF103-2B09-4F61-BE82-8E17D4E3AD29}.Debug|Any CPU.Build.0 = Debug|Any CPU
		{E35AF103-2B09-4F61-BE82-8E17D4E3AD29}.Release|Any CPU.ActiveCfg = Release|Any CPU
		{E35AF103-2B09-4F61-BE82-8E17D4E3AD29}.Release|Any CPU.Build.0 = Release|Any CPU
	EndGlobalSection
	GlobalSection(SolutionProperties) = preSolution
		HideSolutionNode = FALSE
	EndGlobalSection
	GlobalSection(ExtensibilityGlobals) = postSolution
		SolutionGuid = {75CCCC3B-610C-42DB-BCEE-A2E09D5B8863}
	EndGlobalSection
EndGlobal
